
Microsoft Visual Studio Solution File, Format Version 12.00
# Visual Studio 2013
VisualStudioVersion = 12.0.30723.0
MinimumVisualStudioVersion = 10.0.40219.1
Project("{FAE04EC0-301F-11D3-BF4B-00C04F79EFBC}") = "Grep.Net.CodeGeneration", "Grep.Net.CodeGeneration\Grep.Net.CodeGeneration.csproj", "{A633DC55-1F0C-4687-95F8-7FCD59189F38}"
EndProject
Project("{FAE04EC0-301F-11D3-BF4B-00C04F79EFBC}") = "Grep.Net.Data", "Grep.Net.DataModel\Grep.Net.Data.csproj", "{A99A75DC-9AA3-4628-9C0B-DAD5F074457A}"
EndProject
Project("{FAE04EC0-301F-11D3-BF4B-00C04F79EFBC}") = "Grep.Net.Entities", "Grep.Net.Entities\Grep.Net.Entities.csproj", "{887CBC1C-DA59-4E54-AAEA-D7E6C4B0426F}"
EndProject
Project("{FAE04EC0-301F-11D3-BF4B-00C04F79EFBC}") = "Grep.Net.Model", "Grep.Net.Model\Grep.Net.Model.csproj", "{AE3BDFD9-912F-4434-A0CE-7A4C0323C3B5}"
EndProject
Project("{FAE04EC0-301F-11D3-BF4B-00C04F79EFBC}") = "Grep.Net.WPF.Client", "Grep.Net.WPF.Client\Grep.Net.WPF.Client.csproj", "{BE02601F-AA2F-4267-BFC2-DB53188A664A}"
EndProject
Project("{FAE04EC0-301F-11D3-BF4B-00C04F79EFBC}") = "Grep.Net.Powershell", "Grep.Net.Powershell\Grep.Net.Powershell.csproj", "{405CF7B4-CBD3-466E-9E52-62CC7A44CC8E}"
EndProject
Project("{FAE04EC0-301F-11D3-BF4B-00C04F79EFBC}") = "Grep.Net.Powershell.Test", "Grep.Net.Powershell.Test\Grep.Net.Powershell.Test.csproj", "{8F41CA48-F0E6-4F6D-B70D-D7C054D03DA7}"
EndProject
Global
	GlobalSection(SolutionConfigurationPlatforms) = preSolution
		Debug|Any CPU = Debug|Any CPU
		Debug|x86 = Debug|x86
		Release|Any CPU = Release|Any CPU
		Release|x86 = Release|x86
	EndGlobalSection
	GlobalSection(ProjectConfigurationPlatforms) = postSolution
		{A633DC55-1F0C-4687-95F8-7FCD59189F38}.Debug|Any CPU.ActiveCfg = Debug|Any CPU
		{A633DC55-1F0C-4687-95F8-7FCD59189F38}.Debug|Any CPU.Build.0 = Debug|Any CPU
		{A633DC55-1F0C-4687-95F8-7FCD59189F38}.Debug|x86.ActiveCfg = Debug|Any CPU
		{A633DC55-1F0C-4687-95F8-7FCD59189F38}.Release|Any CPU.ActiveCfg = Release|Any CPU
		{A633DC55-1F0C-4687-95F8-7FCD59189F38}.Release|Any CPU.Build.0 = Release|Any CPU
		{A633DC55-1F0C-4687-95F8-7FCD59189F38}.Release|x86.ActiveCfg = Release|Any CPU
		{A99A75DC-9AA3-4628-9C0B-DAD5F074457A}.Debug|Any CPU.ActiveCfg = Debug|Any CPU
		{A99A75DC-9AA3-4628-9C0B-DAD5F074457A}.Debug|Any CPU.Build.0 = Debug|Any CPU
		{A99A75DC-9AA3-4628-9C0B-DAD5F074457A}.Debug|x86.ActiveCfg = Debug|Any CPU
		{A99A75DC-9AA3-4628-9C0B-DAD5F074457A}.Release|Any CPU.ActiveCfg = Release|Any CPU
		{A99A75DC-9AA3-4628-9C0B-DAD5F074457A}.Release|Any CPU.Build.0 = Release|Any CPU
		{A99A75DC-9AA3-4628-9C0B-DAD5F074457A}.Release|x86.ActiveCfg = Release|Any CPU
		{887CBC1C-DA59-4E54-AAEA-D7E6C4B0426F}.Debug|Any CPU.ActiveCfg = Debug|Any CPU
		{887CBC1C-DA59-4E54-AAEA-D7E6C4B0426F}.Debug|Any CPU.Build.0 = Debug|Any CPU
		{887CBC1C-DA59-4E54-AAEA-D7E6C4B0426F}.Debug|x86.ActiveCfg = Debug|Any CPU
		{887CBC1C-DA59-4E54-AAEA-D7E6C4B0426F}.Release|Any CPU.ActiveCfg = Release|Any CPU
		{887CBC1C-DA59-4E54-AAEA-D7E6C4B0426F}.Release|Any CPU.Build.0 = Release|Any CPU
		{887CBC1C-DA59-4E54-AAEA-D7E6C4B0426F}.Release|x86.ActiveCfg = Release|Any CPU
		{AE3BDFD9-912F-4434-A0CE-7A4C0323C3B5}.Debug|Any CPU.ActiveCfg = Debug|Any CPU
		{AE3BDFD9-912F-4434-A0CE-7A4C0323C3B5}.Debug|Any CPU.Build.0 = Debug|Any CPU
		{AE3BDFD9-912F-4434-A0CE-7A4C0323C3B5}.Debug|x86.ActiveCfg = Debug|x86
		{AE3BDFD9-912F-4434-A0CE-7A4C0323C3B5}.Debug|x86.Build.0 = Debug|x86
		{AE3BDFD9-912F-4434-A0CE-7A4C0323C3B5}.Release|Any CPU.ActiveCfg = Release|Any CPU
		{AE3BDFD9-912F-4434-A0CE-7A4C0323C3B5}.Release|Any CPU.Build.0 = Release|Any CPU
		{AE3BDFD9-912F-4434-A0CE-7A4C0323C3B5}.Release|x86.ActiveCfg = Release|x86
		{AE3BDFD9-912F-4434-A0CE-7A4C0323C3B5}.Release|x86.Build.0 = Release|x86
		{BE02601F-AA2F-4267-BFC2-DB53188A664A}.Debug|Any CPU.ActiveCfg = Debug|Any CPU
		{BE02601F-AA2F-4267-BFC2-DB53188A664A}.Debug|Any CPU.Build.0 = Debug|Any CPU
		{BE02601F-AA2F-4267-BFC2-DB53188A664A}.Debug|x86.ActiveCfg = Debug|x86
		{BE02601F-AA2F-4267-BFC2-DB53188A664A}.Debug|x86.Build.0 = Debug|x86
		{BE02601F-AA2F-4267-BFC2-DB53188A664A}.Release|Any CPU.ActiveCfg = Release|Any CPU
		{BE02601F-AA2F-4267-BFC2-DB53188A664A}.Release|Any CPU.Build.0 = Release|Any CPU
		{BE02601F-AA2F-4267-BFC2-DB53188A664A}.Release|x86.ActiveCfg = Release|x86
		{BE02601F-AA2F-4267-BFC2-DB53188A664A}.Release|x86.Build.0 = Release|x86
		{405CF7B4-CBD3-466E-9E52-62CC7A44CC8E}.Debug|Any CPU.ActiveCfg = Debug|Any CPU
		{405CF7B4-CBD3-466E-9E52-62CC7A44CC8E}.Debug|Any CPU.Build.0 = Debug|Any CPU
		{405CF7B4-CBD3-466E-9E52-62CC7A44CC8E}.Debug|x86.ActiveCfg = Debug|Any CPU
		{405CF7B4-CBD3-466E-9E52-62CC7A44CC8E}.Release|Any CPU.ActiveCfg = Release|Any CPU
		{405CF7B4-CBD3-466E-9E52-62CC7A44CC8E}.Release|Any CPU.Build.0 = Release|Any CPU
		{405CF7B4-CBD3-466E-9E52-62CC7A44CC8E}.Release|x86.ActiveCfg = Release|Any CPU
		{8F41CA48-F0E6-4F6D-B70D-D7C054D03DA7}.Debug|Any CPU.ActiveCfg = Debug|Any CPU
		{8F41CA48-F0E6-4F6D-B70D-D7C054D03DA7}.Debug|Any CPU.Build.0 = Debug|Any CPU
		{8F41CA48-F0E6-4F6D-B70D-D7C054D03DA7}.Debug|x86.ActiveCfg = Debug|Any CPU
		{8F41CA48-F0E6-4F6D-B70D-D7C054D03DA7}.Release|Any CPU.ActiveCfg = Release|Any CPU
		{8F41CA48-F0E6-4F6D-B70D-D7C054D03DA7}.Release|Any CPU.Build.0 = Release|Any CPU
		{8F41CA48-F0E6-4F6D-B70D-D7C054D03DA7}.Release|x86.ActiveCfg = Release|Any CPU
	EndGlobalSection
	GlobalSection(SolutionProperties) = preSolution
		HideSolutionNode = FALSE
	EndGlobalSection
EndGlobal
